
Microsoft Visual Studio Solution File, Format Version 12.00
# Visual Studio Version 16
VisualStudioVersion = 16.0.30114.105
MinimumVisualStudioVersion = 10.0.40219.1
Project("{FAE04EC0-301F-11D3-BF4B-00C04F79EFBC}") = "WebSocketTool", "WebSocketTool.csproj", "{F2543599-520F-4806-9697-C1106E2101D6}"
EndProject
Global
	GlobalSection(SolutionConfigurationPlatforms) = preSolution
		Debug|Any CPU = Debug|Any CPU
		Release|Any CPU = Release|Any CPU
	EndGlobalSection
	GlobalSection(ProjectConfigurationPlatforms) = postSolution
		{F2543599-520F-4806-9697-C1106E2101D6}.Debug|Any CPU.ActiveCfg = Debug|Any CPU
		{F2543599-520F-4806-9697-C1106E2101D6}.Debug|Any CPU.Build.0 = Debug|Any CPU
		{F2543599-520F-4806-9697-C1106E2101D6}.Release|Any CPU.ActiveCfg = Release|Any CPU
		{F2543599-520F-4806-9697-C1106E2101D6}.Release|Any CPU.Build.0 = Release|Any CPU
	EndGlobalSection
	GlobalSection(SolutionProperties) = preSolution
		HideSolutionNode = FALSE
	EndGlobalSection
	GlobalSection(ExtensibilityGlobals) = postSolution
		SolutionGuid = {4B3A8962-D627-4B74-87F6-87D7AE3CC72A}
	EndGlobalSection
EndGlobal
